
Microsoft Visual Studio Solution File, Format Version 12.00
# Visual Studio Version 16
VisualStudioVersion = 16.0.30011.22
MinimumVisualStudioVersion = 10.0.40219.1
Project("{2150E333-8FDC-42A3-9474-1A3956D46DE8}") = "src", "src", "{C44724F5-236F-4B97-AE7B-64DFF7EDA32D}"
EndProject
Project("{2150E333-8FDC-42A3-9474-1A3956D46DE8}") = "test", "test", "{DA695281-F554-4D92-99DB-FFC96679AD4C}"
EndProject
Project("{9A19103F-16F7-4668-BE54-9A1E7A4F7556}") = "Dwapi.Exchange.SharedKernel", "src\Dwapi.Exchange.SharedKernel\Dwapi.Exchange.SharedKernel.csproj", "{E34C9471-FDE0-4ED4-BC43-7A940CD532A9}"
EndProject
Project("{9A19103F-16F7-4668-BE54-9A1E7A4F7556}") = "Dwapi.Exchange.SharedKernel.Tests", "test\Dwapi.Exchange.SharedKernel.Tests\Dwapi.Exchange.SharedKernel.Tests.csproj", "{375A1E84-EA3A-4219-AB6F-BA70DAC434EF}"
EndProject
Project("{9A19103F-16F7-4668-BE54-9A1E7A4F7556}") = "Dwapi.Exchange.SharedKernel.Infrastructure", "src\Dwapi.Exchange.SharedKernel.Infrastructure\Dwapi.Exchange.SharedKernel.Infrastructure.csproj", "{235DE775-3294-4D36-A8AA-DB3C9F1507EE}"
EndProject
Project("{9A19103F-16F7-4668-BE54-9A1E7A4F7556}") = "Dwapi.Exchange.SharedKernel.Infrastructure.Tests", "test\Dwapi.Exchange.SharedKernel.Infrastructure.Tests\Dwapi.Exchange.SharedKernel.Infrastructure.Tests.csproj", "{956CF2C7-5E70-4F6A-8373-67EAC20215DC}"
EndProject
Project("{2150E333-8FDC-42A3-9474-1A3956D46DE8}") = "SharedKernel", "SharedKernel", "{02D834FB-D53A-441A-97FA-CB8D685A59A3}"
EndProject
Project("{2150E333-8FDC-42A3-9474-1A3956D46DE8}") = "SharedKernel", "SharedKernel", "{B8397576-83CB-4326-9190-8459339C2904}"
EndProject
Project("{2150E333-8FDC-42A3-9474-1A3956D46DE8}") = "Registry", "Registry", "{02F08C18-A889-4E6E-B41E-5F7654AD554A}"
EndProject
Project("{2150E333-8FDC-42A3-9474-1A3956D46DE8}") = "Registry", "Registry", "{B6FEE8B9-4FF8-4C3C-BD80-CC32F7EC15A0}"
EndProject
Project("{FAE04EC0-301F-11D3-BF4B-00C04F79EFBC}") = "Dwapi.Exchange.Core", "src\Dwapi.Exchange.Core\Dwapi.Exchange.Core.csproj", "{906FC1D7-1186-436F-865C-FCA7BEE09478}"
EndProject
Project("{FAE04EC0-301F-11D3-BF4B-00C04F79EFBC}") = "Dwapi.Exchange.Infrastructure", "src\Dwapi.Exchange.Infrastructure\Dwapi.Exchange.Infrastructure.csproj", "{614FDD2A-07EA-45F7-B465-110C1EB41A11}"
EndProject
Project("{FAE04EC0-301F-11D3-BF4B-00C04F79EFBC}") = "Dwapi.Exchange.Core.Tests", "test\Dwapi.Exchange.Core.Tests\Dwapi.Exchange.Core.Tests.csproj", "{4EEEA08E-0217-470B-8156-EA556F252C2A}"
EndProject
Project("{FAE04EC0-301F-11D3-BF4B-00C04F79EFBC}") = "Dwapi.Exchange.Infrastructure.Tests", "test\Dwapi.Exchange.Infrastructure.Tests\Dwapi.Exchange.Infrastructure.Tests.csproj", "{5D607CD2-D585-4E82-BAAE-34608A182FAF}"
EndProject
Project("{2150E333-8FDC-42A3-9474-1A3956D46DE8}") = "Api", "Api", "{BFBF16D9-89CC-4BD8-A57C-769AB6AA1E5C}"
EndProject
Project("{FAE04EC0-301F-11D3-BF4B-00C04F79EFBC}") = "Dwapi.Exchange", "src\Dwapi.Exchange\Dwapi.Exchange.csproj", "{003A1DDD-7B16-48B2-85E8-0067374D68D5}"
EndProject
Global
	GlobalSection(SolutionConfigurationPlatforms) = preSolution
		Debug|Any CPU = Debug|Any CPU
		Release|Any CPU = Release|Any CPU
	EndGlobalSection
	GlobalSection(ProjectConfigurationPlatforms) = postSolution
		{E34C9471-FDE0-4ED4-BC43-7A940CD532A9}.Debug|Any CPU.ActiveCfg = Debug|Any CPU
		{E34C9471-FDE0-4ED4-BC43-7A940CD532A9}.Debug|Any CPU.Build.0 = Debug|Any CPU
		{E34C9471-FDE0-4ED4-BC43-7A940CD532A9}.Release|Any CPU.ActiveCfg = Release|Any CPU
		{E34C9471-FDE0-4ED4-BC43-7A940CD532A9}.Release|Any CPU.Build.0 = Release|Any CPU
		{375A1E84-EA3A-4219-AB6F-BA70DAC434EF}.Debug|Any CPU.ActiveCfg = Debug|Any CPU
		{375A1E84-EA3A-4219-AB6F-BA70DAC434EF}.Debug|Any CPU.Build.0 = Debug|Any CPU
		{375A1E84-EA3A-4219-AB6F-BA70DAC434EF}.Release|Any CPU.ActiveCfg = Release|Any CPU
		{375A1E84-EA3A-4219-AB6F-BA70DAC434EF}.Release|Any CPU.Build.0 = Release|Any CPU
		{235DE775-3294-4D36-A8AA-DB3C9F1507EE}.Debug|Any CPU.ActiveCfg = Debug|Any CPU
		{235DE775-3294-4D36-A8AA-DB3C9F1507EE}.Debug|Any CPU.Build.0 = Debug|Any CPU
		{235DE775-3294-4D36-A8AA-DB3C9F1507EE}.Release|Any CPU.ActiveCfg = Release|Any CPU
		{235DE775-3294-4D36-A8AA-DB3C9F1507EE}.Release|Any CPU.Build.0 = Release|Any CPU
		{956CF2C7-5E70-4F6A-8373-67EAC20215DC}.Debug|Any CPU.ActiveCfg = Debug|Any CPU
		{956CF2C7-5E70-4F6A-8373-67EAC20215DC}.Debug|Any CPU.Build.0 = Debug|Any CPU
		{956CF2C7-5E70-4F6A-8373-67EAC20215DC}.Release|Any CPU.ActiveCfg = Release|Any CPU
		{956CF2C7-5E70-4F6A-8373-67EAC20215DC}.Release|Any CPU.Build.0 = Release|Any CPU
		{906FC1D7-1186-436F-865C-FCA7BEE09478}.Debug|Any CPU.ActiveCfg = Debug|Any CPU
		{906FC1D7-1186-436F-865C-FCA7BEE09478}.Debug|Any CPU.Build.0 = Debug|Any CPU
		{906FC1D7-1186-436F-865C-FCA7BEE09478}.Release|Any CPU.ActiveCfg = Release|Any CPU
		{906FC1D7-1186-436F-865C-FCA7BEE09478}.Release|Any CPU.Build.0 = Release|Any CPU
		{614FDD2A-07EA-45F7-B465-110C1EB41A11}.Debug|Any CPU.ActiveCfg = Debug|Any CPU
		{614FDD2A-07EA-45F7-B465-110C1EB41A11}.Debug|Any CPU.Build.0 = Debug|Any CPU
		{614FDD2A-07EA-45F7-B465-110C1EB41A11}.Release|Any CPU.ActiveCfg = Release|Any CPU
		{614FDD2A-07EA-45F7-B465-110C1EB41A11}.Release|Any CPU.Build.0 = Release|Any CPU
		{4EEEA08E-0217-470B-8156-EA556F252C2A}.Debug|Any CPU.ActiveCfg = Debug|Any CPU
		{4EEEA08E-0217-470B-8156-EA556F252C2A}.Debug|Any CPU.Build.0 = Debug|Any CPU
		{4EEEA08E-0217-470B-8156-EA556F252C2A}.Release|Any CPU.ActiveCfg = Release|Any CPU
		{4EEEA08E-0217-470B-8156-EA556F252C2A}.Release|Any CPU.Build.0 = Release|Any CPU
		{5D607CD2-D585-4E82-BAAE-34608A182FAF}.Debug|Any CPU.ActiveCfg = Debug|Any CPU
		{5D607CD2-D585-4E82-BAAE-34608A182FAF}.Debug|Any CPU.Build.0 = Debug|Any CPU
		{5D607CD2-D585-4E82-BAAE-34608A182FAF}.Release|Any CPU.ActiveCfg = Release|Any CPU
		{5D607CD2-D585-4E82-BAAE-34608A182FAF}.Release|Any CPU.Build.0 = Release|Any CPU
		{003A1DDD-7B16-48B2-85E8-0067374D68D5}.Debug|Any CPU.ActiveCfg = Debug|Any CPU
		{003A1DDD-7B16-48B2-85E8-0067374D68D5}.Debug|Any CPU.Build.0 = Debug|Any CPU
		{003A1DDD-7B16-48B2-85E8-0067374D68D5}.Release|Any CPU.ActiveCfg = Release|Any CPU
		{003A1DDD-7B16-48B2-85E8-0067374D68D5}.Release|Any CPU.Build.0 = Release|Any CPU
	EndGlobalSection
	GlobalSection(SolutionProperties) = preSolution
		HideSolutionNode = FALSE
	EndGlobalSection
	GlobalSection(NestedProjects) = preSolution
		{E34C9471-FDE0-4ED4-BC43-7A940CD532A9} = {02D834FB-D53A-441A-97FA-CB8D685A59A3}
		{375A1E84-EA3A-4219-AB6F-BA70DAC434EF} = {B8397576-83CB-4326-9190-8459339C2904}
		{235DE775-3294-4D36-A8AA-DB3C9F1507EE} = {02D834FB-D53A-441A-97FA-CB8D685A59A3}
		{956CF2C7-5E70-4F6A-8373-67EAC20215DC} = {B8397576-83CB-4326-9190-8459339C2904}
		{02D834FB-D53A-441A-97FA-CB8D685A59A3} = {C44724F5-236F-4B97-AE7B-64DFF7EDA32D}
		{B8397576-83CB-4326-9190-8459339C2904} = {DA695281-F554-4D92-99DB-FFC96679AD4C}
		{02F08C18-A889-4E6E-B41E-5F7654AD554A} = {C44724F5-236F-4B97-AE7B-64DFF7EDA32D}
		{B6FEE8B9-4FF8-4C3C-BD80-CC32F7EC15A0} = {DA695281-F554-4D92-99DB-FFC96679AD4C}
		{906FC1D7-1186-436F-865C-FCA7BEE09478} = {02F08C18-A889-4E6E-B41E-5F7654AD554A}
		{614FDD2A-07EA-45F7-B465-110C1EB41A11} = {02F08C18-A889-4E6E-B41E-5F7654AD554A}
		{4EEEA08E-0217-470B-8156-EA556F252C2A} = {B6FEE8B9-4FF8-4C3C-BD80-CC32F7EC15A0}
		{5D607CD2-D585-4E82-BAAE-34608A182FAF} = {B6FEE8B9-4FF8-4C3C-BD80-CC32F7EC15A0}
		{BFBF16D9-89CC-4BD8-A57C-769AB6AA1E5C} = {C44724F5-236F-4B97-AE7B-64DFF7EDA32D}
		{003A1DDD-7B16-48B2-85E8-0067374D68D5} = {BFBF16D9-89CC-4BD8-A57C-769AB6AA1E5C}
	EndGlobalSection
	GlobalSection(ExtensibilityGlobals) = postSolution
		SolutionGuid = {7E1EA239-6B19-414D-AB96-B8F801D7D871}
	EndGlobalSection
EndGlobal
